hash: 5930838c7f62fbc56a00087102e2cc9c9304d2533b8bef124f8170948a4a1b10
updated: 2017-05-22T21:16:02.2653963+12:00
imports:
- name: github.com/go-mgo/mgo
  version: 3f83fa5005286a7fe593b055f0d7771a7dce4655
  subpackages:
  - tree/v2
- name: github.com/pkg/errors
  version: 645ef00459ed84a119197bfb8d8205042c6df63d
testImports: []
